
Microsoft Visual Studio Solution File, Format Version 12.00
# Visual Studio Version 16
VisualStudioVersion = 16.0.30523.141
MinimumVisualStudioVersion = 10.0.40219.1
Project("{FAE04EC0-301F-11D3-BF4B-00C04F79EFBC}") = "GUI", "GUI\GUI.csproj", "{E709413C-651C-4276-9557-67FE630804C1}"
EndProject
Project("{FAE04EC0-301F-11D3-BF4B-00C04F79EFBC}") = "LOGICA DE NEGOCIOS", "LOGICA DE NEGOCIOS\LOGICA DE NEGOCIOS.csproj", "{74FCE611-5BE1-421B-A8D5-2215F258182F}"
EndProject
Project("{FAE04EC0-301F-11D3-BF4B-00C04F79EFBC}") = "ACCESO A DATOS", "ACCESO A DATOS\ACCESO A DATOS.csproj", "{C4E043FD-F8B2-4359-B195-6A1D58BC39AA}"
EndProject
Global
	GlobalSection(SolutionConfigurationPlatforms) = preSolution
		Debug|Any CPU = Debug|Any CPU
		Release|Any CPU = Release|Any CPU
	EndGlobalSection
	GlobalSection(ProjectConfigurationPlatforms) = postSolution
		{E709413C-651C-4276-9557-67FE630804C1}.Debug|Any CPU.ActiveCfg = Debug|Any CPU
		{E709413C-651C-4276-9557-67FE630804C1}.Debug|Any CPU.Build.0 = Debug|Any CPU
		{E709413C-651C-4276-9557-67FE630804C1}.Release|Any CPU.ActiveCfg = Release|Any CPU
		{E709413C-651C-4276-9557-67FE630804C1}.Release|Any CPU.Build.0 = Release|Any CPU
		{74FCE611-5BE1-421B-A8D5-2215F258182F}.Debug|Any CPU.ActiveCfg = Debug|Any CPU
		{74FCE611-5BE1-421B-A8D5-2215F258182F}.Debug|Any CPU.Build.0 = Debug|Any CPU
		{74FCE611-5BE1-421B-A8D5-2215F258182F}.Release|Any CPU.ActiveCfg = Release|Any CPU
		{74FCE611-5BE1-421B-A8D5-2215F258182F}.Release|Any CPU.Build.0 = Release|Any CPU
		{C4E043FD-F8B2-4359-B195-6A1D58BC39AA}.Debug|Any CPU.ActiveCfg = Debug|Any CPU
		{C4E043FD-F8B2-4359-B195-6A1D58BC39AA}.Debug|Any CPU.Build.0 = Debug|Any CPU
		{C4E043FD-F8B2-4359-B195-6A1D58BC39AA}.Release|Any CPU.ActiveCfg = Release|Any CPU
		{C4E043FD-F8B2-4359-B195-6A1D58BC39AA}.Release|Any CPU.Build.0 = Release|Any CPU
	EndGlobalSection
	GlobalSection(SolutionProperties) = preSolution
		HideSolutionNode = FALSE
	EndGlobalSection
	GlobalSection(ExtensibilityGlobals) = postSolution
		SolutionGuid = {CE51BF17-8B2C-4653-AD78-CA99D80425CC}
	EndGlobalSection
EndGlobal
